
Microsoft Visual Studio Solution File, Format Version 12.00
# Visual Studio Version 16
VisualStudioVersion = 16.0.30907.101
MinimumVisualStudioVersion = 10.0.40219.1
Project("{FAE04EC0-301F-11D3-BF4B-00C04F79EFBC}") = "AkvelonTaskMilosBelic", "AkvelonTaskMilosBelic\AkvelonTaskMilosBelic.csproj", "{7BA49F21-23CC-488C-BF7C-0B5311487CDE}"
EndProject
Project("{FAE04EC0-301F-11D3-BF4B-00C04F79EFBC}") = "AkvelonTaskMilosBelic.Tests", "AkvelonTaskMilosBelic.Tests\AkvelonTaskMilosBelic.Tests.csproj", "{D29706E1-B1DD-4759-86DA-E65169A2BC78}"
EndProject
Global
	GlobalSection(SolutionConfigurationPlatforms) = preSolution
		Debug|Any CPU = Debug|Any CPU
		Release|Any CPU = Release|Any CPU
	EndGlobalSection
	GlobalSection(ProjectConfigurationPlatforms) = postSolution
		{7BA49F21-23CC-488C-BF7C-0B5311487CDE}.Debug|Any CPU.ActiveCfg = Debug|Any CPU
		{7BA49F21-23CC-488C-BF7C-0B5311487CDE}.Debug|Any CPU.Build.0 = Debug|Any CPU
		{7BA49F21-23CC-488C-BF7C-0B5311487CDE}.Release|Any CPU.ActiveCfg = Release|Any CPU
		{7BA49F21-23CC-488C-BF7C-0B5311487CDE}.Release|Any CPU.Build.0 = Release|Any CPU
		{D29706E1-B1DD-4759-86DA-E65169A2BC78}.Debug|Any CPU.ActiveCfg = Debug|Any CPU
		{D29706E1-B1DD-4759-86DA-E65169A2BC78}.Debug|Any CPU.Build.0 = Debug|Any CPU
		{D29706E1-B1DD-4759-86DA-E65169A2BC78}.Release|Any CPU.ActiveCfg = Release|Any CPU
		{D29706E1-B1DD-4759-86DA-E65169A2BC78}.Release|Any CPU.Build.0 = Release|Any CPU
	EndGlobalSection
	GlobalSection(SolutionProperties) = preSolution
		HideSolutionNode = FALSE
	EndGlobalSection
	GlobalSection(ExtensibilityGlobals) = postSolution
		SolutionGuid = {1A817CE2-14C8-482B-A8D6-E9E10485C6F6}
	EndGlobalSection
EndGlobal
